
Microsoft Visual Studio Solution File, Format Version 12.00
# Visual Studio Version 17
VisualStudioVersion = 17.10.35122.118
MinimumVisualStudioVersion = 10.0.40219.1
Project("{FAE04EC0-301F-11D3-BF4B-00C04F79EFBC}") = "ConsoleApp1", "ConsoleApp1\ConsoleApp1.csproj", "{FE5D5F33-3FC2-466C-AFDE-4A91D567C972}"
EndProject
Project("{FAE04EC0-301F-11D3-BF4B-00C04F79EFBC}") = "ConsoleApp2", "ConsoleApp2\ConsoleApp2.csproj", "{DC2A5DA5-06C5-4513-8D47-F145D19DAA5F}"
EndProject
Project("{FAE04EC0-301F-11D3-BF4B-00C04F79EFBC}") = "ConsoleApp3", "ConsoleApp3\ConsoleApp3.csproj", "{9B7E6229-CEDC-4E12-BC3D-5B7BA0A47A7D}"
EndProject
Project("{FAE04EC0-301F-11D3-BF4B-00C04F79EFBC}") = "ConsoleApp4", "ConsoleApp4\ConsoleApp4.csproj", "{172A9FCB-C18A-427F-93F2-20F44CFB35F7}"
EndProject
Project("{FAE04EC0-301F-11D3-BF4B-00C04F79EFBC}") = "ConsoleApp5", "ConsoleApp5\ConsoleApp5.csproj", "{A58C1436-EC70-4C95-9204-022D9F561B73}"
EndProject
Global
	GlobalSection(SolutionConfigurationPlatforms) = preSolution
		Debug|Any CPU = Debug|Any CPU
		Release|Any CPU = Release|Any CPU
	EndGlobalSection
	GlobalSection(ProjectConfigurationPlatforms) = postSolution
		{FE5D5F33-3FC2-466C-AFDE-4A91D567C972}.Debug|Any CPU.ActiveCfg = Debug|Any CPU
		{FE5D5F33-3FC2-466C-AFDE-4A91D567C972}.Debug|Any CPU.Build.0 = Debug|Any CPU
		{FE5D5F33-3FC2-466C-AFDE-4A91D567C972}.Release|Any CPU.ActiveCfg = Release|Any CPU
		{FE5D5F33-3FC2-466C-AFDE-4A91D567C972}.Release|Any CPU.Build.0 = Release|Any CPU
		{DC2A5DA5-06C5-4513-8D47-F145D19DAA5F}.Debug|Any CPU.ActiveCfg = Debug|Any CPU
		{DC2A5DA5-06C5-4513-8D47-F145D19DAA5F}.Debug|Any CPU.Build.0 = Debug|Any CPU
		{DC2A5DA5-06C5-4513-8D47-F145D19DAA5F}.Release|Any CPU.ActiveCfg = Release|Any CPU
		{DC2A5DA5-06C5-4513-8D47-F145D19DAA5F}.Release|Any CPU.Build.0 = Release|Any CPU
		{9B7E6229-CEDC-4E12-BC3D-5B7BA0A47A7D}.Debug|Any CPU.ActiveCfg = Debug|Any CPU
		{9B7E6229-CEDC-4E12-BC3D-5B7BA0A47A7D}.Debug|Any CPU.Build.0 = Debug|Any CPU
		{9B7E6229-CEDC-4E12-BC3D-5B7BA0A47A7D}.Release|Any CPU.ActiveCfg = Release|Any CPU
		{9B7E6229-CEDC-4E12-BC3D-5B7BA0A47A7D}.Release|Any CPU.Build.0 = Release|Any CPU
		{172A9FCB-C18A-427F-93F2-20F44CFB35F7}.Debug|Any CPU.ActiveCfg = Debug|Any CPU
		{172A9FCB-C18A-427F-93F2-20F44CFB35F7}.Debug|Any CPU.Build.0 = Debug|Any CPU
		{172A9FCB-C18A-427F-93F2-20F44CFB35F7}.Release|Any CPU.ActiveCfg = Release|Any CPU
		{172A9FCB-C18A-427F-93F2-20F44CFB35F7}.Release|Any CPU.Build.0 = Release|Any CPU
		{A58C1436-EC70-4C95-9204-022D9F561B73}.Debug|Any CPU.ActiveCfg = Debug|Any CPU
		{A58C1436-EC70-4C95-9204-022D9F561B73}.Debug|Any CPU.Build.0 = Debug|Any CPU
		{A58C1436-EC70-4C95-9204-022D9F561B73}.Release|Any CPU.ActiveCfg = Release|Any CPU
		{A58C1436-EC70-4C95-9204-022D9F561B73}.Release|Any CPU.Build.0 = Release|Any CPU
	EndGlobalSection
	GlobalSection(SolutionProperties) = preSolution
		HideSolutionNode = FALSE
	EndGlobalSection
	GlobalSection(ExtensibilityGlobals) = postSolution
		SolutionGuid = {2C34A0B7-D172-44C3-9DCE-4D587953A82D}
	EndGlobalSection
EndGlobal
